{
  "name": "software-factory",
  "lockfileVersion": 3,
  "requires": true,
  "packages": {
    "": {
      "name": "software-factory",
      "dependencies": {
        "@fly/sprites": "0.2.3"
      },
      "engines": {
        "node": ">=24"
      }
    },
    "node_modules/@fly/sprites": {
      "version": "0.2.3",
      "resolved": "https://registry.npmjs.org/@fly/sprites/-/sprites-0.2.3.tgz",
      "integrity": "sha512-LB3xmHpHLdVECTQej+Vyi/aFFTc/Otf8bZ8GwVe/Hhlx4kIFS0K+9O5B8ru8Llg+cEwvYmzyeV69vNZPpCt0fw==",
      "bundleDependencies": [
        "@fly/client-signals"
      ],
      "license": "MIT",
      "dependencies": {
        "@fly/client-signals": "file:vendor/client-signals"
      },
      "engines": {
        "node": ">=24.0.0"
      }
    },
    "node_modules/@fly/sprites/node_modules/@fly/client-signals": {
      "version": "0.4.4",
      "inBundle": true,
      "license": "Apache-2.0",
      "engines": {
        "node": ">=20"
      }
    }
  }
}
